// !$*UTF8*$!
{
	archiveVersion = 1;
	classes = {
	};
	objectVersion = 50;
	objects = {

/* Begin PBXBuildFile section */
		631969A725BC8ADE00F8D310 /* DataFetcherService.swift in Sources */ = {isa = PBXBuildFile; fileRef = 631969A625BC8ADE00F8D310 /* DataFetcherService.swift */; };
		631969A925BCA21A00F8D310 /* ImageDataFetcher.swift in Sources */ = {isa = PBXBuildFile; fileRef = 631969A825BCA21A00F8D310 /* ImageDataFetcher.swift */; };
		631969AB25BD7D0300F8D310 /* DataStore.swift in Sources */ = {isa = PBXBuildFile; fileRef = 631969AA25BD7D0300F8D310 /* DataStore.swift */; };
		631969AD25BD8A0A00F8D310 /* NetworkService.swift in Sources */ = {isa = PBXBuildFile; fileRef = 631969AC25BD8A0A00F8D310 /* NetworkService.swift */; };
		6350088B25A4E8A8007AF1A7 /* CollectionViewViewModelType.swift in Sources */ = {isa = PBXBuildFile; fileRef = 6350088A25A4E8A8007AF1A7 /* CollectionViewViewModelType.swift */; };
		63C5ACF325875D09007F64F7 /* TrackTableViewCellViewModelType.swift in Sources */ = {isa = PBXBuildFile; fileRef = 63C5ACF225875D09007F64F7 /* TrackTableViewCellViewModelType.swift */; };
		63C5ACF525875D9C007F64F7 /* DetailViewModel.swift in Sources */ = {isa = PBXBuildFile; fileRef = 63C5ACF425875D9C007F64F7 /* DetailViewModel.swift */; };
		63C5ACF725876399007F64F7 /* TrackTableViewCellViewModel.swift in Sources */ = {isa = PBXBuildFile; fileRef = 63C5ACF625876399007F64F7 /* TrackTableViewCellViewModel.swift */; };
		63C5ACFA2589050E007F64F7 /* ViewModel.swift in Sources */ = {isa = PBXBuildFile; fileRef = 63C5ACF92589050E007F64F7 /* ViewModel.swift */; };
		63C5ACFC2589061F007F64F7 /* CollectionViewCellViewModel.swift in Sources */ = {isa = PBXBuildFile; fileRef = 63C5ACFB2589061F007F64F7 /* CollectionViewCellViewModel.swift */; };
		63C5ACFE25890797007F64F7 /* CollectionViewCellViewModelType.swift in Sources */ = {isa = PBXBuildFile; fileRef = 63C5ACFD25890797007F64F7 /* CollectionViewCellViewModelType.swift */; };
		63C91AF825814B0D00564B48 /* SearchBarSettings.swift in Sources */ = {isa = PBXBuildFile; fileRef = 63C91AF725814B0D00564B48 /* SearchBarSettings.swift */; };
		63F8D8B625AE045B000618CE /* AlbumTableViewCellViewModelType.swift in Sources */ = {isa = PBXBuildFile; fileRef = 63F8D8B525AE045B000618CE /* AlbumTableViewCellViewModelType.swift */; };
		63F8D8B825AE07B0000618CE /* AlbumTableviewCellViewModel.swift in Sources */ = {isa = PBXBuildFile; fileRef = 63F8D8B725AE07B0000618CE /* AlbumTableviewCellViewModel.swift */; };
		63F8D8BA25AE1732000618CE /* DetailTableViewViewModelType.swift in Sources */ = {isa = PBXBuildFile; fileRef = 63F8D8B925AE1732000618CE /* DetailTableViewViewModelType.swift */; };
		63FDFE17257E698F000B80C8 /* AppDelegate.swift in Sources */ = {isa = PBXBuildFile; fileRef = 63FDFE16257E698F000B80C8 /* AppDelegate.swift */; };
		63FDFE19257E698F000B80C8 /* SceneDelegate.swift in Sources */ = {isa = PBXBuildFile; fileRef = 63FDFE18257E698F000B80C8 /* SceneDelegate.swift */; };
		63FDFE1B257E698F000B80C8 /* MainViewController.swift in Sources */ = {isa = PBXBuildFile; fileRef = 63FDFE1A257E698F000B80C8 /* MainViewController.swift */; };
		63FDFE1E257E698F000B80C8 /* Main.storyboard in Resources */ = {isa = PBXBuildFile; fileRef = 63FDFE1C257E698F000B80C8 /* Main.storyboard */; };
		63FDFE23257E6990000B80C8 /* Assets.xcassets in Resources */ = {isa = PBXBuildFile; fileRef = 63FDFE22257E6990000B80C8 /* Assets.xcassets */; };
		63FDFE26257E6990000B80C8 /* LaunchScreen.storyboard in Resources */ = {isa = PBXBuildFile; fileRef = 63FDFE24257E6990000B80C8 /* LaunchScreen.storyboard */; };
		63FDFE2E257E6AA6000B80C8 /* NetworkDataFetcher.swift in Sources */ = {isa = PBXBuildFile; fileRef = 63FDFE2D257E6AA6000B80C8 /* NetworkDataFetcher.swift */; };
		63FDFE30257E6FBF000B80C8 /* Album.swift in Sources */ = {isa = PBXBuildFile; fileRef = 63FDFE2F257E6FBF000B80C8 /* Album.swift */; };
		63FDFE32257EB239000B80C8 /* AlbumCollectionViewCell.swift in Sources */ = {isa = PBXBuildFile; fileRef = 63FDFE31257EB239000B80C8 /* AlbumCollectionViewCell.swift */; };
		63FDFE36257FB6A7000B80C8 /* DetailTableViewController.swift in Sources */ = {isa = PBXBuildFile; fileRef = 63FDFE35257FB6A7000B80C8 /* DetailTableViewController.swift */; };
		63FDFE38257FB7E8000B80C8 /* TrackTableViewCell.swift in Sources */ = {isa = PBXBuildFile; fileRef = 63FDFE37257FB7E8000B80C8 /* TrackTableViewCell.swift */; };
		63FDFE3A257FD204000B80C8 /* AlbumTableViewCell.swift in Sources */ = {isa = PBXBuildFile; fileRef = 63FDFE39257FD204000B80C8 /* AlbumTableViewCell.swift */; };
		63FDFE3C25810E80000B80C8 /* Track.swift in Sources */ = {isa = PBXBuildFile; fileRef = 63FDFE3B25810E80000B80C8 /* Track.swift */; };
		63FDFE3F25810EE9000B80C8 /* SortingManager.swift in Sources */ = {isa = PBXBuildFile; fileRef = 63FDFE3E25810EE9000B80C8 /* SortingManager.swift */; };
		63FDFE44258124B4000B80C8 /* WorkWithString.swift in Sources */ = {isa = PBXBuildFile; fileRef = 63FDFE43258124B4000B80C8 /* WorkWithString.swift */; };
/* End PBXBuildFile section */

/* Begin PBXFileReference section */
		631969A625BC8ADE00F8D310 /* DataFetcherService.swift */ = {isa = PBXFileReference; lastKnownFileType = sourcecode.swift; path = DataFetcherService.swift; sourceTree = "<group>"; };
		631969A825BCA21A00F8D310 /* ImageDataFetcher.swift */ = {isa = PBXFileReference; lastKnownFileType = sourcecode.swift; path = ImageDataFetcher.swift; sourceTree = "<group>"; };
		631969AA25BD7D0300F8D310 /* DataStore.swift */ = {isa = PBXFileReference; lastKnownFileType = sourcecode.swift; path = DataStore.swift; sourceTree = "<group>"; };
		631969AC25BD8A0A00F8D310 /* NetworkService.swift */ = {isa = PBXFileReference; lastKnownFileType = sourcecode.swift; path = NetworkService.swift; sourceTree = "<group>"; };
		6350088A25A4E8A8007AF1A7 /* CollectionViewViewModelType.swift */ = {isa = PBXFileReference; lastKnownFileType = sourcecode.swift; path = CollectionViewViewModelType.swift; sourceTree = "<group>"; };
		63C5ACF225875D09007F64F7 /* TrackTableViewCellViewModelType.swift */ = {isa = PBXFileReference; lastKnownFileType = sourcecode.swift; path = TrackTableViewCellViewModelType.swift; sourceTree = "<group>"; };
		63C5ACF425875D9C007F64F7 /* DetailViewModel.swift */ = {isa = PBXFileReference; lastKnownFileType = sourcecode.swift; path = DetailViewModel.swift; sourceTree = "<group>"; };
		63C5ACF625876399007F64F7 /* TrackTableViewCellViewModel.swift */ = {isa = PBXFileReference; lastKnownFileType = sourcecode.swift; path = TrackTableViewCellViewModel.swift; sourceTree = "<group>"; };
		63C5ACF92589050E007F64F7 /* ViewModel.swift */ = {isa = PBXFileReference; lastKnownFileType = sourcecode.swift; path = ViewModel.swift; sourceTree = "<group>"; };
		63C5ACFB2589061F007F64F7 /* CollectionViewCellViewModel.swift */ = {isa = PBXFileReference; lastKnownFileType = sourcecode.swift; path = CollectionViewCellViewModel.swift; sourceTree = "<group>"; };
		63C5ACFD25890797007F64F7 /* CollectionViewCellViewModelType.swift */ = {isa = PBXFileReference; lastKnownFileType = sourcecode.swift; path = CollectionViewCellViewModelType.swift; sourceTree = "<group>"; };
		63C91AF725814B0D00564B48 /* SearchBarSettings.swift */ = {isa = PBXFileReference; lastKnownFileType = sourcecode.swift; path = SearchBarSettings.swift; sourceTree = "<group>"; };
		63F8D8B525AE045B000618CE /* AlbumTableViewCellViewModelType.swift */ = {isa = PBXFileReference; lastKnownFileType = sourcecode.swift; path = AlbumTableViewCellViewModelType.swift; sourceTree = "<group>"; };
		63F8D8B725AE07B0000618CE /* AlbumTableviewCellViewModel.swift */ = {isa = PBXFileReference; lastKnownFileType = sourcecode.swift; path = AlbumTableviewCellViewModel.swift; sourceTree = "<group>"; };
		63F8D8B925AE1732000618CE /* DetailTableViewViewModelType.swift */ = {isa = PBXFileReference; lastKnownFileType = sourcecode.swift; path = DetailTableViewViewModelType.swift; sourceTree = "<group>"; };
		63FDFE13257E698F000B80C8 /* Albums .app */ = {isa = PBXFileReference; explicitFileType = wrapper.application; includeInIndex = 0; path = "Albums .app"; sourceTree = BUILT_PRODUCTS_DIR; };
		63FDFE16257E698F000B80C8 /* AppDelegate.swift */ = {isa = PBXFileReference; lastKnownFileType = sourcecode.swift; path = AppDelegate.swift; sourceTree = "<group>"; };
		63FDFE18257E698F000B80C8 /* SceneDelegate.swift */ = {isa = PBXFileReference; lastKnownFileType = sourcecode.swift; path = SceneDelegate.swift; sourceTree = "<group>"; };
		63FDFE1A257E698F000B80C8 /* MainViewController.swift */ = {isa = PBXFileReference; lastKnownFileType = sourcecode.swift; path = MainViewController.swift; sourceTree = "<group>"; };
		63FDFE1D257E698F000B80C8 /* Base */ = {isa = PBXFileReference; lastKnownFileType = file.storyboard; name = Base; path = Base.lproj/Main.storyboard; sourceTree = "<group>"; };
		63FDFE22257E6990000B80C8 /* Assets.xcassets */ = {isa = PBXFileReference; lastKnownFileType = folder.assetcatalog; path = Assets.xcassets; sourceTree = "<group>"; };
		63FDFE25257E6990000B80C8 /* Base */ = {isa = PBXFileReference; lastKnownFileType = file.storyboard; name = Base; path = Base.lproj/LaunchScreen.storyboard; sourceTree = "<group>"; };
		63FDFE27257E6990000B80C8 /* Info.plist */ = {isa = PBXFileReference; lastKnownFileType = text.plist.xml; path = Info.plist; sourceTree = "<group>"; };
		63FDFE2D257E6AA6000B80C8 /* NetworkDataFetcher.swift */ = {isa = PBXFileReference; lastKnownFileType = sourcecode.swift; path = NetworkDataFetcher.swift; sourceTree = "<group>"; };
		63FDFE2F257E6FBF000B80C8 /* Album.swift */ = {isa = PBXFileReference; lastKnownFileType = sourcecode.swift; path = Album.swift; sourceTree = "<group>"; };
		63FDFE31257EB239000B80C8 /* AlbumCollectionViewCell.swift */ = {isa = PBXFileReference; lastKnownFileType = sourcecode.swift; path = AlbumCollectionViewCell.swift; sourceTree = "<group>"; };
		63FDFE35257FB6A7000B80C8 /* DetailTableViewController.swift */ = {isa = PBXFileReference; lastKnownFileType = sourcecode.swift; path = DetailTableViewController.swift; sourceTree = "<group>"; };
		63FDFE37257FB7E8000B80C8 /* TrackTableViewCell.swift */ = {isa = PBXFileReference; lastKnownFileType = sourcecode.swift; path = TrackTableViewCell.swift; sourceTree = "<group>"; };
		63FDFE39257FD204000B80C8 /* AlbumTableViewCell.swift */ = {isa = PBXFileReference; lastKnownFileType = sourcecode.swift; path = AlbumTableViewCell.swift; sourceTree = "<group>"; };
		63FDFE3B25810E80000B80C8 /* Track.swift */ = {isa = PBXFileReference; lastKnownFileType = sourcecode.swift; path = Track.swift; sourceTree = "<group>"; };
		63FDFE3E25810EE9000B80C8 /* SortingManager.swift */ = {isa = PBXFileReference; lastKnownFileType = sourcecode.swift; path = SortingManager.swift; sourceTree = "<group>"; };
		63FDFE43258124B4000B80C8 /* WorkWithString.swift */ = {isa = PBXFileReference; lastKnownFileType = sourcecode.swift; path = WorkWithString.swift; sourceTree = "<group>"; };
/* End PBXFileReference section */

/* Begin PBXFrameworksBuildPhase section */
		63FDFE10257E698F000B80C8 /* Frameworks */ = {
			isa = PBXFrameworksBuildPhase;
			buildActionMask = 2147483647;
			files = (
			);
			runOnlyForDeploymentPostprocessing = 0;
		};
/* End PBXFrameworksBuildPhase section */

/* Begin PBXGroup section */
		6350088925A25D22007AF1A7 /* View */ = {
			isa = PBXGroup;
			children = (
				63C91AF525814AE500564B48 /* MainViewController */,
				63C91AF625814AF100564B48 /* DetailViewController */,
			);
			path = View;
			sourceTree = "<group>";
		};
		63C5ACF125875CCD007F64F7 /* Protocols */ = {
			isa = PBXGroup;
			children = (
				6350088A25A4E8A8007AF1A7 /* CollectionViewViewModelType.swift */,
				63C5ACFD25890797007F64F7 /* CollectionViewCellViewModelType.swift */,
				63F8D8B925AE1732000618CE /* DetailTableViewViewModelType.swift */,
				63F8D8B525AE045B000618CE /* AlbumTableViewCellViewModelType.swift */,
				63C5ACF225875D09007F64F7 /* TrackTableViewCellViewModelType.swift */,
			);
			path = Protocols;
			sourceTree = "<group>";
		};
		63C5ACF82588C5E9007F64F7 /* ViewModel */ = {
			isa = PBXGroup;
			children = (
				63C5ACF92589050E007F64F7 /* ViewModel.swift */,
				63C5ACFB2589061F007F64F7 /* CollectionViewCellViewModel.swift */,
				63C5ACF425875D9C007F64F7 /* DetailViewModel.swift */,
				63F8D8B725AE07B0000618CE /* AlbumTableviewCellViewModel.swift */,
				63C5ACF625876399007F64F7 /* TrackTableViewCellViewModel.swift */,
			);
			path = ViewModel;
			sourceTree = "<group>";
		};
		63C91AF4258140DB00564B48 /* SupportFiles */ = {
			isa = PBXGroup;
			children = (
				63FDFE16257E698F000B80C8 /* AppDelegate.swift */,
				63FDFE18257E698F000B80C8 /* SceneDelegate.swift */,
				63FDFE27257E6990000B80C8 /* Info.plist */,
				63FDFE22257E6990000B80C8 /* Assets.xcassets */,
			);
			path = SupportFiles;
			sourceTree = "<group>";
		};
		63C91AF525814AE500564B48 /* MainViewController */ = {
			isa = PBXGroup;
			children = (
				63FDFE1A257E698F000B80C8 /* MainViewController.swift */,
				63FDFE31257EB239000B80C8 /* AlbumCollectionViewCell.swift */,
				63C91AF725814B0D00564B48 /* SearchBarSettings.swift */,
			);
			path = MainViewController;
			sourceTree = "<group>";
		};
		63C91AF625814AF100564B48 /* DetailViewController */ = {
			isa = PBXGroup;
			children = (
				63FDFE35257FB6A7000B80C8 /* DetailTableViewController.swift */,
				63FDFE39257FD204000B80C8 /* AlbumTableViewCell.swift */,
				63FDFE37257FB7E8000B80C8 /* TrackTableViewCell.swift */,
			);
			path = DetailViewController;
			sourceTree = "<group>";
		};
		63FDFE0A257E698F000B80C8 = {
			isa = PBXGroup;
			children = (
				63FDFE15257E698F000B80C8 /* Albums from iTunes */,
				63FDFE14257E698F000B80C8 /* Products */,
			);
			sourceTree = "<group>";
		};
		63FDFE14257E698F000B80C8 /* Products */ = {
			isa = PBXGroup;
			children = (
				63FDFE13257E698F000B80C8 /* Albums .app */,
			);
			name = Products;
			sourceTree = "<group>";
		};
		63FDFE15257E698F000B80C8 /* Albums from iTunes */ = {
			isa = PBXGroup;
			children = (
				63FDFE3D25810E96000B80C8 /* Models */,
				6350088925A25D22007AF1A7 /* View */,
				63C5ACF82588C5E9007F64F7 /* ViewModel */,
				63C5ACF125875CCD007F64F7 /* Protocols */,
				63FDFE4225812472000B80C8 /* Networking */,
				63FDFE452581254E000B80C8 /* Helpers */,
				63FDFE4025812419000B80C8 /* UIBuilders */,
				63C91AF4258140DB00564B48 /* SupportFiles */,
			);
			path = "Albums from iTunes";
			sourceTree = "<group>";
		};
		63FDFE3D25810E96000B80C8 /* Models */ = {
			isa = PBXGroup;
			children = (
				63FDFE2F257E6FBF000B80C8 /* Album.swift */,
				63FDFE3B25810E80000B80C8 /* Track.swift */,
			);
			path = Models;
			sourceTree = "<group>";
		};
		63FDFE4025812419000B80C8 /* UIBuilders */ = {
			isa = PBXGroup;
			children = (
				63FDFE1C257E698F000B80C8 /* Main.storyboard */,
				63FDFE24257E6990000B80C8 /* LaunchScreen.storyboard */,
			);
			path = UIBuilders;
			sourceTree = "<group>";
		};
		63FDFE4225812472000B80C8 /* Networking */ = {
			isa = PBXGroup;
			children = (
				63FDFE2D257E6AA6000B80C8 /* NetworkDataFetcher.swift */,
				631969AC25BD8A0A00F8D310 /* NetworkService.swift */,
				631969A825BCA21A00F8D310 /* ImageDataFetcher.swift */,
				631969AA25BD7D0300F8D310 /* DataStore.swift */,
				631969A625BC8ADE00F8D310 /* DataFetcherService.swift */,
			);
			path = Networking;
			sourceTree = "<group>";
		};
		63FDFE452581254E000B80C8 /* Helpers */ = {
			isa = PBXGroup;
			children = (
				63FDFE3E25810EE9000B80C8 /* SortingManager.swift */,
				63FDFE43258124B4000B80C8 /* WorkWithString.swift */,
			);
			path = Helpers;
			sourceTree = "<group>";
		};
/* End PBXGroup section */

/* Begin PBXNativeTarget section */
		63FDFE12257E698F000B80C8 /* Albums from iTunes */ = {
			isa = PBXNativeTarget;
			buildConfigurationList = 63FDFE2A257E6990000B80C8 /* Build configuration list for PBXNativeTarget "Albums from iTunes" */;
			buildPhases = (
				63FDFE0F257E698F000B80C8 /* Sources */,
				63FDFE10257E698F000B80C8 /* Frameworks */,
				63FDFE11257E698F000B80C8 /* Resources */,
			);
			buildRules = (
			);
			dependencies = (
			);
			name = "Albums from iTunes";
			productName = "Albums from iTunes";
			productReference = 63FDFE13257E698F000B80C8 /* Albums .app */;
			productType = "com.apple.product-type.application";
		};
/* End PBXNativeTarget section */

/* Begin PBXProject section */
		63FDFE0B257E698F000B80C8 /* Project object */ = {
			isa = PBXProject;
			attributes = {
				LastSwiftUpdateCheck = 1130;
				LastUpgradeCheck = 1130;
				ORGANIZATIONNAME = "Туйаара Оконешникова";
				TargetAttributes = {
					63FDFE12257E698F000B80C8 = {
						CreatedOnToolsVersion = 11.3.1;
					};
				};
			};
			buildConfigurationList = 63FDFE0E257E698F000B80C8 /* Build configuration list for PBXProject "Albums from iTunes" */;
			compatibilityVersion = "Xcode 9.3";
			developmentRegion = en;
			hasScannedForEncodings = 0;
			knownRegions = (
				en,
				Base,
			);
			mainGroup = 63FDFE0A257E698F000B80C8;
			productRefGroup = 63FDFE14257E698F000B80C8 /* Products */;
			projectDirPath = "";
			projectRoot = "";
			targets = (
				63FDFE12257E698F000B80C8 /* Albums from iTunes */,
			);
		};
/* End PBXProject section */

/* Begin PBXResourcesBuildPhase section */
		63FDFE11257E698F000B80C8 /* Resources */ = {
			isa = PBXResourcesBuildPhase;
			buildActionMask = 2147483647;
			files = (
				63FDFE26257E6990000B80C8 /* LaunchScreen.storyboard in Resources */,
				63FDFE23257E6990000B80C8 /* Assets.xcassets in Resources */,
				63FDFE1E257E698F000B80C8 /* Main.storyboard in Resources */,
			);
			runOnlyForDeploymentPostprocessing = 0;
		};
/* End PBXResourcesBuildPhase section */

/* Begin PBXSourcesBuildPhase section */
		63FDFE0F257E698F000B80C8 /* Sources */ = {
			isa = PBXSourcesBuildPhase;
			buildActionMask = 2147483647;
			files = (
				63FDFE1B257E698F000B80C8 /* MainViewController.swift in Sources */,
				63FDFE44258124B4000B80C8 /* WorkWithString.swift in Sources */,
				63C91AF825814B0D00564B48 /* SearchBarSettings.swift in Sources */,
				63FDFE3C25810E80000B80C8 /* Track.swift in Sources */,
				63FDFE2E257E6AA6000B80C8 /* NetworkDataFetcher.swift in Sources */,
				63C5ACFE25890797007F64F7 /* CollectionViewCellViewModelType.swift in Sources */,
				63FDFE38257FB7E8000B80C8 /* TrackTableViewCell.swift in Sources */,
				63C5ACF725876399007F64F7 /* TrackTableViewCellViewModel.swift in Sources */,
				63C5ACF525875D9C007F64F7 /* DetailViewModel.swift in Sources */,
				63FDFE30257E6FBF000B80C8 /* Album.swift in Sources */,
				63FDFE36257FB6A7000B80C8 /* DetailTableViewController.swift in Sources */,
				63F8D8B625AE045B000618CE /* AlbumTableViewCellViewModelType.swift in Sources */,
				63C5ACFC2589061F007F64F7 /* CollectionViewCellViewModel.swift in Sources */,
				631969AD25BD8A0A00F8D310 /* NetworkService.swift in Sources */,
				631969AB25BD7D0300F8D310 /* DataStore.swift in Sources */,
				63F8D8BA25AE1732000618CE /* DetailTableViewViewModelType.swift in Sources */,
				63C5ACF325875D09007F64F7 /* TrackTableViewCellViewModelType.swift in Sources */,
				63FDFE17257E698F000B80C8 /* AppDelegate.swift in Sources */,
				631969A925BCA21A00F8D310 /* ImageDataFetcher.swift in Sources */,
				63FDFE3F25810EE9000B80C8 /* SortingManager.swift in Sources */,
				63FDFE19257E698F000B80C8 /* SceneDelegate.swift in Sources */,
				63FDFE3A257FD204000B80C8 /* AlbumTableViewCell.swift in Sources */,
				63F8D8B825AE07B0000618CE /* AlbumTableviewCellViewModel.swift in Sources */,
				63FDFE32257EB239000B80C8 /* AlbumCollectionViewCell.swift in Sources */,
				6350088B25A4E8A8007AF1A7 /* CollectionViewViewModelType.swift in Sources */,
				63C5ACFA2589050E007F64F7 /* ViewModel.swift in Sources */,
				631969A725BC8ADE00F8D310 /* DataFetcherService.swift in Sources */,
			);
			runOnlyForDeploymentPostprocessing = 0;
		};
/* End PBXSourcesBuildPhase section */

/* Begin PBXVariantGroup section */
		63FDFE1C257E698F000B80C8 /* Main.storyboard */ = {
			isa = PBXVariantGroup;
			children = (
				63FDFE1D257E698F000B80C8 /* Base */,
			);
			name = Main.storyboard;
			sourceTree = "<group>";
		};
		63FDFE24257E6990000B80C8 /* LaunchScreen.storyboard */ = {
			isa = PBXVariantGroup;
			children = (
				63FDFE25257E6990000B80C8 /* Base */,
			);
			name = LaunchScreen.storyboard;
			sourceTree = "<group>";
		};
/* End PBXVariantGroup section */

/* Begin XCBuildConfiguration section */
		63FDFE28257E6990000B80C8 /* Debug */ = {
			isa = XCBuildConfiguration;
			buildSettings = {
				ALWAYS_SEARCH_USER_PATHS = NO;
				CLANG_ANALYZER_NONNULL = YES;
				CLANG_ANALYZER_NUMBER_OBJECT_CONVERSION = YES_AGGRESSIVE;
				CLANG_CXX_LANGUAGE_STANDARD = "gnu++14";
				CLANG_CXX_LIBRARY = "libc++";
				CLANG_ENABLE_MODULES = YES;
				CLANG_ENABLE_OBJC_ARC = YES;
				CLANG_ENABLE_OBJC_WEAK = YES;
				CLANG_WARN_BLOCK_CAPTURE_AUTORELEASING = YES;
				CLANG_WARN_BOOL_CONVERSION = YES;
				CLANG_WARN_COMMA = YES;
				CLANG_WARN_CONSTANT_CONVERSION = YES;
				CLANG_WARN_DEPRECATED_OBJC_IMPLEMENTATIONS = YES;
				CLANG_WARN_DIRECT_OBJC_ISA_USAGE = YES_ERROR;
				CLANG_WARN_DOCUMENTATION_COMMENTS = YES;
				CLANG_WARN_EMPTY_BODY = YES;
				CLANG_WARN_ENUM_CONVERSION = YES;
				CLANG_WARN_INFINITE_RECURSION = YES;
				CLANG_WARN_INT_CONVERSION = YES;
				CLANG_WARN_NON_LITERAL_NULL_CONVERSION = YES;
				CLANG_WARN_OBJC_IMPLICIT_RETAIN_SELF = YES;
				CLANG_WARN_OBJC_LITERAL_CONVERSION = YES;
				CLANG_WARN_OBJC_ROOT_CLASS = YES_ERROR;
				CLANG_WARN_RANGE_LOOP_ANALYSIS = YES;
				CLANG_WARN_STRICT_PROTOTYPES = YES;
				CLANG_WARN_SUSPICIOUS_MOVE = YES;
				CLANG_WARN_UNGUARDED_AVAILABILITY = YES_AGGRESSIVE;
				CLANG_WARN_UNREACHABLE_CODE = YES;
				CLANG_WARN__DUPLICATE_METHOD_MATCH = YES;
				COPY_PHASE_STRIP = NO;
				DEBUG_INFORMATION_FORMAT = dwarf;
				ENABLE_STRICT_OBJC_MSGSEND = YES;
				ENABLE_TESTABILITY = YES;
				GCC_C_LANGUAGE_STANDARD = gnu11;
				GCC_DYNAMIC_NO_PIC = NO;
				GCC_NO_COMMON_BLOCKS = YES;
				GCC_OPTIMIZATION_LEVEL = 0;
				GCC_PREPROCESSOR_DEFINITIONS = (
					"DEBUG=1",
					"$(inherited)",
				);
				GCC_WARN_64_TO_32_BIT_CONVERSION = YES;
				GCC_WARN_ABOUT_RETURN_TYPE = YES_ERROR;
				GCC_WARN_UNDECLARED_SELECTOR = YES;
				GCC_WARN_UNINITIALIZED_AUTOS = YES_AGGRESSIVE;
				GCC_WARN_UNUSED_FUNCTION = YES;
				GCC_WARN_UNUSED_VARIABLE = YES;
				IPHONEOS_DEPLOYMENT_TARGET = 13.2;
				MTL_ENABLE_DEBUG_INFO = INCLUDE_SOURCE;
				MTL_FAST_MATH = YES;
				ONLY_ACTIVE_ARCH = YES;
				SDKROOT = iphoneos;
				SWIFT_ACTIVE_COMPILATION_CONDITIONS = DEBUG;
				SWIFT_OPTIMIZATION_LEVEL = "-Onone";
			};
			name = Debug;
		};
		63FDFE29257E6990000B80C8 /* Release */ = {
			isa = XCBuildConfiguration;
			buildSettings = {
				ALWAYS_SEARCH_USER_PATHS = NO;
				CLANG_ANALYZER_NONNULL = YES;
				CLANG_ANALYZER_NUMBER_OBJECT_CONVERSION = YES_AGGRESSIVE;
				CLANG_CXX_LANGUAGE_STANDARD = "gnu++14";
				CLANG_CXX_LIBRARY = "libc++";
				CLANG_ENABLE_MODULES = YES;
				CLANG_ENABLE_OBJC_ARC = YES;
				CLANG_ENABLE_OBJC_WEAK = YES;
				CLANG_WARN_BLOCK_CAPTURE_AUTORELEASING = YES;
				CLANG_WARN_BOOL_CONVERSION = YES;
				CLANG_WARN_COMMA = YES;
				CLANG_WARN_CONSTANT_CONVERSION = YES;
				CLANG_WARN_DEPRECATED_OBJC_IMPLEMENTATIONS = YES;
				CLANG_WARN_DIRECT_OBJC_ISA_USAGE = YES_ERROR;
				CLANG_WARN_DOCUMENTATION_COMMENTS = YES;
				CLANG_WARN_EMPTY_BODY = YES;
				CLANG_WARN_ENUM_CONVERSION = YES;
				CLANG_WARN_INFINITE_RECURSION = YES;
				CLANG_WARN_INT_CONVERSION = YES;
				CLANG_WARN_NON_LITERAL_NULL_CONVERSION = YES;
				CLANG_WARN_OBJC_IMPLICIT_RETAIN_SELF = YES;
				CLANG_WARN_OBJC_LITERAL_CONVERSION = YES;
				CLANG_WARN_OBJC_ROOT_CLASS = YES_ERROR;
				CLANG_WARN_RANGE_LOOP_ANALYSIS = YES;
				CLANG_WARN_STRICT_PROTOTYPES = YES;
				CLANG_WARN_SUSPICIOUS_MOVE = YES;
				CLANG_WARN_UNGUARDED_AVAILABILITY = YES_AGGRESSIVE;
				CLANG_WARN_UNREACHABLE_CODE = YES;
				CLANG_WARN__DUPLICATE_METHOD_MATCH = YES;
				COPY_PHASE_STRIP = NO;
				DEBUG_INFORMATION_FORMAT = "dwarf-with-dsym";
				ENABLE_NS_ASSERTIONS = NO;
				ENABLE_STRICT_OBJC_MSGSEND = YES;
				GCC_C_LANGUAGE_STANDARD = gnu11;
				GCC_NO_COMMON_BLOCKS = YES;
				GCC_WARN_64_TO_32_BIT_CONVERSION = YES;
				GCC_WARN_ABOUT_RETURN_TYPE = YES_ERROR;
				GCC_WARN_UNDECLARED_SELECTOR = YES;
				GCC_WARN_UNINITIALIZED_AUTOS = YES_AGGRESSIVE;
				GCC_WARN_UNUSED_FUNCTION = YES;
				GCC_WARN_UNUSED_VARIABLE = YES;
				IPHONEOS_DEPLOYMENT_TARGET = 13.2;
				MTL_ENABLE_DEBUG_INFO = NO;
				MTL_FAST_MATH = YES;
				SDKROOT = iphoneos;
				SWIFT_COMPILATION_MODE = wholemodule;
				SWIFT_OPTIMIZATION_LEVEL = "-O";
				VALIDATE_PRODUCT = YES;
			};
			name = Release;
		};
		63FDFE2B257E6990000B80C8 /* Debug */ = {
			isa = XCBuildConfiguration;
			buildSettings = {
				ASSETCATALOG_COMPILER_APPICON_NAME = AppIcon;
				CODE_SIGN_STYLE = Automatic;
				INFOPLIST_FILE = "Albums from iTunes/SupportFiles/Info.plist";
				IPHONEOS_DEPLOYMENT_TARGET = 13.2;
				LD_RUNPATH_SEARCH_PATHS = (
					"$(inherited)",
					"@executable_path/Frameworks",
				);
				PRODUCT_BUNDLE_IDENTIFIER = "com.appsite.Albums-from-iTunes";
				PRODUCT_NAME = "Albums ";
				SWIFT_VERSION = 5.0;
				TARGETED_DEVICE_FAMILY = "1,2";
			};
			name = Debug;
		};
		63FDFE2C257E6990000B80C8 /* Release */ = {
			isa = XCBuildConfiguration;
			buildSettings = {
				ASSETCATALOG_COMPILER_APPICON_NAME = AppIcon;
				CODE_SIGN_STYLE = Automatic;
				INFOPLIST_FILE = "Albums from iTunes/SupportFiles/Info.plist";
				IPHONEOS_DEPLOYMENT_TARGET = 13.2;
				LD_RUNPATH_SEARCH_PATHS = (
					"$(inherited)",
					"@executable_path/Frameworks",
				);
				PRODUCT_BUNDLE_IDENTIFIER = "com.appsite.Albums-from-iTunes";
				PRODUCT_NAME = "Albums ";
				SWIFT_VERSION = 5.0;
				TARGETED_DEVICE_FAMILY = "1,2";
			};
			name = Release;
		};
/* End XCBuildConfiguration section */

/* Begin XCConfigurationList section */
		63FDFE0E257E698F000B80C8 /* Build configuration list for PBXProject "Albums from iTunes" */ = {
			isa = XCConfigurationList;
			buildConfigurations = (
				63FDFE28257E6990000B80C8 /* Debug */,
				63FDFE29257E6990000B80C8 /* Release */,
			);
			defaultConfigurationIsVisible = 0;
			defaultConfigurationName = Release;
		};
		63FDFE2A257E6990000B80C8 /* Build configuration list for PBXNativeTarget "Albums from iTunes" */ = {
			isa = XCConfigurationList;
			buildConfigurations = (
				63FDFE2B257E6990000B80C8 /* Debug */,
				63FDFE2C257E6990000B80C8 /* Release */,
			);
			defaultConfigurationIsVisible = 0;
			defaultConfigurationName = Release;
		};
/* End XCConfigurationList section */
	};
	rootObject = 63FDFE0B257E698F000B80C8 /* Project object */;
}
